
Microsoft Visual Studio Solution File, Format Version 12.00
# Visual Studio Version 17
VisualStudioVersion = 17.3.32929.385
MinimumVisualStudioVersion = 10.0.40219.1
Project("{FAE04EC0-301F-11D3-BF4B-00C04F79EFBC}") = "Anyar_Exam", "Anyar_Exam\Anyar_Exam.csproj", "{2FA9C3DB-6495-46D1-8214-4D513E2F2A3E}"
EndProject
Project("{FAE04EC0-301F-11D3-BF4B-00C04F79EFBC}") = "Core", "Core\Core.csproj", "{233FD2E8-37DF-4057-B799-8369531F9CAB}"
EndProject
Project("{FAE04EC0-301F-11D3-BF4B-00C04F79EFBC}") = "DataAccess", "DataAccess\DataAccess.csproj", "{528274D4-02AC-4352-A8A9-F0E4A73B6390}"
EndProject
Project("{FAE04EC0-301F-11D3-BF4B-00C04F79EFBC}") = "Business", "Business\Business.csproj", "{EF8A3C0C-C164-4701-BCC5-BED683D0F155}"
EndProject
Global
	GlobalSection(SolutionConfigurationPlatforms) = preSolution
		Debug|Any CPU = Debug|Any CPU
		Release|Any CPU = Release|Any CPU
	EndGlobalSection
	GlobalSection(ProjectConfigurationPlatforms) = postSolution
		{2FA9C3DB-6495-46D1-8214-4D513E2F2A3E}.Debug|Any CPU.ActiveCfg = Debug|Any CPU
		{2FA9C3DB-6495-46D1-8214-4D513E2F2A3E}.Debug|Any CPU.Build.0 = Debug|Any CPU
		{2FA9C3DB-6495-46D1-8214-4D513E2F2A3E}.Release|Any CPU.ActiveCfg = Release|Any CPU
		{2FA9C3DB-6495-46D1-8214-4D513E2F2A3E}.Release|Any CPU.Build.0 = Release|Any CPU
		{233FD2E8-37DF-4057-B799-8369531F9CAB}.Debug|Any CPU.ActiveCfg = Debug|Any CPU
		{233FD2E8-37DF-4057-B799-8369531F9CAB}.Debug|Any CPU.Build.0 = Debug|Any CPU
		{233FD2E8-37DF-4057-B799-8369531F9CAB}.Release|Any CPU.ActiveCfg = Release|Any CPU
		{233FD2E8-37DF-4057-B799-8369531F9CAB}.Release|Any CPU.Build.0 = Release|Any CPU
		{528274D4-02AC-4352-A8A9-F0E4A73B6390}.Debug|Any CPU.ActiveCfg = Debug|Any CPU
		{528274D4-02AC-4352-A8A9-F0E4A73B6390}.Debug|Any CPU.Build.0 = Debug|Any CPU
		{528274D4-02AC-4352-A8A9-F0E4A73B6390}.Release|Any CPU.ActiveCfg = Release|Any CPU
		{528274D4-02AC-4352-A8A9-F0E4A73B6390}.Release|Any CPU.Build.0 = Release|Any CPU
		{EF8A3C0C-C164-4701-BCC5-BED683D0F155}.Debug|Any CPU.ActiveCfg = Debug|Any CPU
		{EF8A3C0C-C164-4701-BCC5-BED683D0F155}.Debug|Any CPU.Build.0 = Debug|Any CPU
		{EF8A3C0C-C164-4701-BCC5-BED683D0F155}.Release|Any CPU.ActiveCfg = Release|Any CPU
		{EF8A3C0C-C164-4701-BCC5-BED683D0F155}.Release|Any CPU.Build.0 = Release|Any CPU
	EndGlobalSection
	GlobalSection(SolutionProperties) = preSolution
		HideSolutionNode = FALSE
	EndGlobalSection
	GlobalSection(ExtensibilityGlobals) = postSolution
		SolutionGuid = {D42ABA64-B5E2-4C9B-8831-920CBBE4DCFF}
	EndGlobalSection
EndGlobal
